// !$*UTF8*$!
{
	archiveVersion = 1;
	classes = {
	};
	objectVersion = 48;
	objects = {

/* Begin PBXBuildFile section */
		95349CF31F7A9FA5007CD4C0 /* AppDelegate.swift in Sources */ = {isa = PBXBuildFile; fileRef = 95349CF21F7A9FA5007CD4C0 /* AppDelegate.swift */; };
		95349CF51F7A9FA5007CD4C0 /* Assets.xcassets in Resources */ = {isa = PBXBuildFile; fileRef = 95349CF41F7A9FA5007CD4C0 /* Assets.xcassets */; };
		95349CF81F7A9FA5007CD4C0 /* MainMenu.xib in Resources */ = {isa = PBXBuildFile; fileRef = 95349CF61F7A9FA5007CD4C0 /* MainMenu.xib */; };
		95349D011F7AA097007CD4C0 /* Monitors.swift in Sources */ = {isa = PBXBuildFile; fileRef = 95349D001F7AA097007CD4C0 /* Monitors.swift */; };
		95349D031F7AC2A9007CD4C0 /* Monitor.swift in Sources */ = {isa = PBXBuildFile; fileRef = 95349D021F7AC2A9007CD4C0 /* Monitor.swift */; };
		95349D051F7AF97C007CD4C0 /* EventMonitor.swift in Sources */ = {isa = PBXBuildFile; fileRef = 95349D041F7AF97C007CD4C0 /* EventMonitor.swift */; };
		95349D0D1F7B714A007CD4C0 /* AppDelegate.swift in Sources */ = {isa = PBXBuildFile; fileRef = 95349D0C1F7B714A007CD4C0 /* AppDelegate.swift */; };
		95349D0F1F7B714A007CD4C0 /* Assets.xcassets in Resources */ = {isa = PBXBuildFile; fileRef = 95349D0E1F7B714A007CD4C0 /* Assets.xcassets */; };
		95349D191F7B72AE007CD4C0 /* BackgroundLauncher.app in CopyFiles */ = {isa = PBXBuildFile; fileRef = 95349D0A1F7B714A007CD4C0 /* BackgroundLauncher.app */; settings = {ATTRIBUTES = (RemoveHeadersOnCopy, ); }; };
		95349D1C1F7B72E0007CD4C0 /* ServiceManagement.framework in Frameworks */ = {isa = PBXBuildFile; fileRef = 95349D1B1F7B72E0007CD4C0 /* ServiceManagement.framework */; };
		95349D1E1F7B72E7007CD4C0 /* Cocoa.framework in Frameworks */ = {isa = PBXBuildFile; fileRef = 95349D1D1F7B72E7007CD4C0 /* Cocoa.framework */; };
		95349D201F7B857F007CD4C0 /* Setting.swift in Sources */ = {isa = PBXBuildFile; fileRef = 95349D1F1F7B857F007CD4C0 /* Setting.swift */; };
/* End PBXBuildFile section */

/* Begin PBXCopyFilesBuildPhase section */
		95349D181F7B728C007CD4C0 /* CopyFiles */ = {
			isa = PBXCopyFilesBuildPhase;
			buildActionMask = 2147483647;
			dstPath = Contents/Library/LoginItems;
			dstSubfolderSpec = 1;
			files = (
				95349D191F7B72AE007CD4C0 /* BackgroundLauncher.app in CopyFiles */,
			);
			runOnlyForDeploymentPostprocessing = 0;
		};
/* End PBXCopyFilesBuildPhase section */

/* Begin PBXFileReference section */
		95349CEF1F7A9FA5007CD4C0 /* NoMouseAllowed.app */ = {isa = PBXFileReference; explicitFileType = wrapper.application; includeInIndex = 0; path = NoMouseAllowed.app; sourceTree = BUILT_PRODUCTS_DIR; };
		95349CF21F7A9FA5007CD4C0 /* AppDelegate.swift */ = {isa = PBXFileReference; lastKnownFileType = sourcecode.swift; path = AppDelegate.swift; sourceTree = "<group>"; };
		95349CF41F7A9FA5007CD4C0 /* Assets.xcassets */ = {isa = PBXFileReference; lastKnownFileType = folder.assetcatalog; path = Assets.xcassets; sourceTree = "<group>"; };
		95349CF71F7A9FA5007CD4C0 /* Base */ = {isa = PBXFileReference; lastKnownFileType = file.xib; name = Base; path = Base.lproj/MainMenu.xib; sourceTree = "<group>"; };
		95349CF91F7A9FA5007CD4C0 /* Info.plist */ = {isa = PBXFileReference; lastKnownFileType = text.plist.xml; path = Info.plist; sourceTree = "<group>"; };
		95349CFA1F7A9FA5007CD4C0 /* NoMouse.entitlements */ = {isa = PBXFileReference; lastKnownFileType = text.plist.entitlements; path = NoMouse.entitlements; sourceTree = "<group>"; };
		95349D001F7AA097007CD4C0 /* Monitors.swift */ = {isa = PBXFileReference; lastKnownFileType = sourcecode.swift; path = Monitors.swift; sourceTree = "<group>"; };
		95349D021F7AC2A9007CD4C0 /* Monitor.swift */ = {isa = PBXFileReference; lastKnownFileType = sourcecode.swift; path = Monitor.swift; sourceTree = "<group>"; };
		95349D041F7AF97C007CD4C0 /* EventMonitor.swift */ = {isa = PBXFileReference; lastKnownFileType = sourcecode.swift; path = EventMonitor.swift; sourceTree = "<group>"; };
		95349D0A1F7B714A007CD4C0 /* BackgroundLauncher.app */ = {isa = PBXFileReference; explicitFileType = wrapper.application; includeInIndex = 0; path = BackgroundLauncher.app; sourceTree = BUILT_PRODUCTS_DIR; };
		95349D0C1F7B714A007CD4C0 /* AppDelegate.swift */ = {isa = PBXFileReference; lastKnownFileType = sourcecode.swift; path = AppDelegate.swift; sourceTree = "<group>"; };
		95349D0E1F7B714A007CD4C0 /* Assets.xcassets */ = {isa = PBXFileReference; lastKnownFileType = folder.assetcatalog; path = Assets.xcassets; sourceTree = "<group>"; };
		95349D131F7B714A007CD4C0 /* Info.plist */ = {isa = PBXFileReference; lastKnownFileType = text.plist.xml; path = Info.plist; sourceTree = "<group>"; };
		95349D141F7B714A007CD4C0 /* BackgroundLauncher.entitlements */ = {isa = PBXFileReference; lastKnownFileType = text.plist.entitlements; path = BackgroundLauncher.entitlements; sourceTree = "<group>"; };
		95349D1B1F7B72E0007CD4C0 /* ServiceManagement.framework */ = {isa = PBXFileReference; lastKnownFileType = wrapper.framework; name = ServiceManagement.framework; path = System/Library/Frameworks/ServiceManagement.framework; sourceTree = SDKROOT; };
		95349D1D1F7B72E7007CD4C0 /* Cocoa.framework */ = {isa = PBXFileReference; lastKnownFileType = wrapper.framework; name = Cocoa.framework; path = System/Library/Frameworks/Cocoa.framework; sourceTree = SDKROOT; };
		95349D1F1F7B857F007CD4C0 /* Setting.swift */ = {isa = PBXFileReference; lastKnownFileType = sourcecode.swift; path = Setting.swift; sourceTree = "<group>"; };
/* End PBXFileReference section */

/* Begin PBXFrameworksBuildPhase section */
		95349CEC1F7A9FA5007CD4C0 /* Frameworks */ = {
			isa = PBXFrameworksBuildPhase;
			buildActionMask = 2147483647;
			files = (
				95349D1E1F7B72E7007CD4C0 /* Cocoa.framework in Frameworks */,
				95349D1C1F7B72E0007CD4C0 /* ServiceManagement.framework in Frameworks */,
			);
			runOnlyForDeploymentPostprocessing = 0;
		};
		95349D071F7B714A007CD4C0 /* Frameworks */ = {
			isa = PBXFrameworksBuildPhase;
			buildActionMask = 2147483647;
			files = (
			);
			runOnlyForDeploymentPostprocessing = 0;
		};
/* End PBXFrameworksBuildPhase section */

/* Begin PBXGroup section */
		95349CE61F7A9FA5007CD4C0 = {
			isa = PBXGroup;
			children = (
				95349CF11F7A9FA5007CD4C0 /* NoMouse */,
				95349D0B1F7B714A007CD4C0 /* BackgroundLauncher */,
				95349CF01F7A9FA5007CD4C0 /* Products */,
				95349D1A1F7B72E0007CD4C0 /* Frameworks */,
			);
			sourceTree = "<group>";
		};
		95349CF01F7A9FA5007CD4C0 /* Products */ = {
			isa = PBXGroup;
			children = (
				95349CEF1F7A9FA5007CD4C0 /* NoMouseAllowed.app */,
				95349D0A1F7B714A007CD4C0 /* BackgroundLauncher.app */,
			);
			name = Products;
			sourceTree = "<group>";
		};
		95349CF11F7A9FA5007CD4C0 /* NoMouse */ = {
			isa = PBXGroup;
			children = (
				95349CF21F7A9FA5007CD4C0 /* AppDelegate.swift */,
				95349D1F1F7B857F007CD4C0 /* Setting.swift */,
				95349D041F7AF97C007CD4C0 /* EventMonitor.swift */,
				95349D001F7AA097007CD4C0 /* Monitors.swift */,
				95349D021F7AC2A9007CD4C0 /* Monitor.swift */,
				95349CF41F7A9FA5007CD4C0 /* Assets.xcassets */,
				95349CF61F7A9FA5007CD4C0 /* MainMenu.xib */,
				95349CF91F7A9FA5007CD4C0 /* Info.plist */,
				95349CFA1F7A9FA5007CD4C0 /* NoMouse.entitlements */,
			);
			path = NoMouse;
			sourceTree = "<group>";
		};
		95349D0B1F7B714A007CD4C0 /* BackgroundLauncher */ = {
			isa = PBXGroup;
			children = (
				95349D0C1F7B714A007CD4C0 /* AppDelegate.swift */,
				95349D0E1F7B714A007CD4C0 /* Assets.xcassets */,
				95349D131F7B714A007CD4C0 /* Info.plist */,
				95349D141F7B714A007CD4C0 /* BackgroundLauncher.entitlements */,
			);
			path = BackgroundLauncher;
			sourceTree = "<group>";
		};
		95349D1A1F7B72E0007CD4C0 /* Frameworks */ = {
			isa = PBXGroup;
			children = (
				95349D1D1F7B72E7007CD4C0 /* Cocoa.framework */,
				95349D1B1F7B72E0007CD4C0 /* ServiceManagement.framework */,
			);
			name = Frameworks;
			sourceTree = "<group>";
		};
/* End PBXGroup section */

/* Begin PBXNativeTarget section */
		95349CEE1F7A9FA5007CD4C0 /* NoMouseAllowed */ = {
			isa = PBXNativeTarget;
			buildConfigurationList = 95349CFD1F7A9FA5007CD4C0 /* Build configuration list for PBXNativeTarget "NoMouseAllowed" */;
			buildPhases = (
				95349CEB1F7A9FA5007CD4C0 /* Sources */,
				95349CEC1F7A9FA5007CD4C0 /* Frameworks */,
				95349CED1F7A9FA5007CD4C0 /* Resources */,
				95349D181F7B728C007CD4C0 /* CopyFiles */,
			);
			buildRules = (
			);
			dependencies = (
			);
			name = NoMouseAllowed;
			productName = NoMouse;
			productReference = 95349CEF1F7A9FA5007CD4C0 /* NoMouseAllowed.app */;
			productType = "com.apple.product-type.application";
		};
		95349D091F7B714A007CD4C0 /* BackgroundLauncher */ = {
			isa = PBXNativeTarget;
			buildConfigurationList = 95349D151F7B714A007CD4C0 /* Build configuration list for PBXNativeTarget "BackgroundLauncher" */;
			buildPhases = (
				95349D061F7B714A007CD4C0 /* Sources */,
				95349D071F7B714A007CD4C0 /* Frameworks */,
				95349D081F7B714A007CD4C0 /* Resources */,
			);
			buildRules = (
			);
			dependencies = (
			);
			name = BackgroundLauncher;
			productName = BackgroundLauncher;
			productReference = 95349D0A1F7B714A007CD4C0 /* BackgroundLauncher.app */;
			productType = "com.apple.product-type.application";
		};
/* End PBXNativeTarget section */

/* Begin PBXProject section */
		95349CE71F7A9FA5007CD4C0 /* Project object */ = {
			isa = PBXProject;
			attributes = {
				LastSwiftUpdateCheck = 0900;
				LastUpgradeCheck = 0900;
				ORGANIZATIONNAME = "frederik dudzik";
				TargetAttributes = {
					95349CEE1F7A9FA5007CD4C0 = {
						CreatedOnToolsVersion = 9.0;
						ProvisioningStyle = Automatic;
					};
					95349D091F7B714A007CD4C0 = {
						CreatedOnToolsVersion = 9.0;
						ProvisioningStyle = Automatic;
					};
				};
			};
			buildConfigurationList = 95349CEA1F7A9FA5007CD4C0 /* Build configuration list for PBXProject "NoMouseAllowed" */;
			compatibilityVersion = "Xcode 8.0";
			developmentRegion = en;
			hasScannedForEncodings = 0;
			knownRegions = (
				en,
				Base,
			);
			mainGroup = 95349CE61F7A9FA5007CD4C0;
			productRefGroup = 95349CF01F7A9FA5007CD4C0 /* Products */;
			projectDirPath = "";
			projectRoot = "";
			targets = (
				95349CEE1F7A9FA5007CD4C0 /* NoMouseAllowed */,
				95349D091F7B714A007CD4C0 /* BackgroundLauncher */,
			);
		};
/* End PBXProject section */

/* Begin PBXResourcesBuildPhase section */
		95349CED1F7A9FA5007CD4C0 /* Resources */ = {
			isa = PBXResourcesBuildPhase;
			buildActionMask = 2147483647;
			files = (
				95349CF51F7A9FA5007CD4C0 /* Assets.xcassets in Resources */,
				95349CF81F7A9FA5007CD4C0 /* MainMenu.xib in Resources */,
			);
			runOnlyForDeploymentPostprocessing = 0;
		};
		95349D081F7B714A007CD4C0 /* Resources */ = {
			isa = PBXResourcesBuildPhase;
			buildActionMask = 2147483647;
			files = (
				95349D0F1F7B714A007CD4C0 /* Assets.xcassets in Resources */,
			);
			runOnlyForDeploymentPostprocessing = 0;
		};
/* End PBXResourcesBuildPhase section */

/* Begin PBXSourcesBuildPhase section */
		95349CEB1F7A9FA5007CD4C0 /* Sources */ = {
			isa = PBXSourcesBuildPhase;
			buildActionMask = 2147483647;
			files = (
				95349D201F7B857F007CD4C0 /* Setting.swift in Sources */,
				95349D011F7AA097007CD4C0 /* Monitors.swift in Sources */,
				95349D031F7AC2A9007CD4C0 /* Monitor.swift in Sources */,
				95349CF31F7A9FA5007CD4C0 /* AppDelegate.swift in Sources */,
				95349D051F7AF97C007CD4C0 /* EventMonitor.swift in Sources */,
			);
			runOnlyForDeploymentPostprocessing = 0;
		};
		95349D061F7B714A007CD4C0 /* Sources */ = {
			isa = PBXSourcesBuildPhase;
			buildActionMask = 2147483647;
			files = (
				95349D0D1F7B714A007CD4C0 /* AppDelegate.swift in Sources */,
			);
			runOnlyForDeploymentPostprocessing = 0;
		};
/* End PBXSourcesBuildPhase section */

/* Begin PBXVariantGroup section */
		95349CF61F7A9FA5007CD4C0 /* MainMenu.xib */ = {
			isa = PBXVariantGroup;
			children = (
				95349CF71F7A9FA5007CD4C0 /* Base */,
			);
			name = MainMenu.xib;
			sourceTree = "<group>";
		};
/* End PBXVariantGroup section */

/* Begin XCBuildConfiguration section */
		95349CFB1F7A9FA5007CD4C0 /* Debug */ = {
			isa = XCBuildConfiguration;
			buildSettings = {
				ALWAYS_SEARCH_USER_PATHS = NO;
				CLANG_ANALYZER_NONNULL = YES;
				CLANG_ANALYZER_NUMBER_OBJECT_CONVERSION = YES_AGGRESSIVE;
				CLANG_CXX_LANGUAGE_STANDARD = "gnu++14";
				CLANG_CXX_LIBRARY = "libc++";
				CLANG_ENABLE_MODULES = YES;
				CLANG_ENABLE_OBJC_ARC = YES;
				CLANG_WARN_BLOCK_CAPTURE_AUTORELEASING = YES;
				CLANG_WARN_BOOL_CONVERSION = YES;
				CLANG_WARN_COMMA = YES;
				CLANG_WARN_CONSTANT_CONVERSION = YES;
				CLANG_WARN_DIRECT_OBJC_ISA_USAGE = YES_ERROR;
				CLANG_WARN_DOCUMENTATION_COMMENTS = YES;
				CLANG_WARN_EMPTY_BODY = YES;
				CLANG_WARN_ENUM_CONVERSION = YES;
				CLANG_WARN_INFINITE_RECURSION = YES;
				CLANG_WARN_INT_CONVERSION = YES;
				CLANG_WARN_NON_LITERAL_NULL_CONVERSION = YES;
				CLANG_WARN_OBJC_LITERAL_CONVERSION = YES;
				CLANG_WARN_OBJC_ROOT_CLASS = YES_ERROR;
				CLANG_WARN_RANGE_LOOP_ANALYSIS = YES;
				CLANG_WARN_STRICT_PROTOTYPES = YES;
				CLANG_WARN_SUSPICIOUS_MOVE = YES;
				CLANG_WARN_UNGUARDED_AVAILABILITY = YES_AGGRESSIVE;
				CLANG_WARN_UNREACHABLE_CODE = YES;
				CLANG_WARN__DUPLICATE_METHOD_MATCH = YES;
				CODE_SIGN_IDENTITY = "Mac Developer";
				COPY_PHASE_STRIP = NO;
				DEBUG_INFORMATION_FORMAT = dwarf;
				ENABLE_STRICT_OBJC_MSGSEND = YES;
				ENABLE_TESTABILITY = YES;
				GCC_C_LANGUAGE_STANDARD = gnu11;
				GCC_DYNAMIC_NO_PIC = NO;
				GCC_NO_COMMON_BLOCKS = YES;
				GCC_OPTIMIZATION_LEVEL = 0;
				GCC_PREPROCESSOR_DEFINITIONS = (
					"DEBUG=1",
					"$(inherited)",
				);
				GCC_WARN_64_TO_32_BIT_CONVERSION = YES;
				GCC_WARN_ABOUT_RETURN_TYPE = YES_ERROR;
				GCC_WARN_UNDECLARED_SELECTOR = YES;
				GCC_WARN_UNINITIALIZED_AUTOS = YES_AGGRESSIVE;
				GCC_WARN_UNUSED_FUNCTION = YES;
				GCC_WARN_UNUSED_VARIABLE = YES;
				MACOSX_DEPLOYMENT_TARGET = 10.12;
				MTL_ENABLE_DEBUG_INFO = YES;
				ONLY_ACTIVE_ARCH = YES;
				SDKROOT = macosx;
				SWIFT_ACTIVE_COMPILATION_CONDITIONS = DEBUG;
				SWIFT_OPTIMIZATION_LEVEL = "-Onone";
			};
			name = Debug;
		};
		95349CFC1F7A9FA5007CD4C0 /* Release */ = {
			isa = XCBuildConfiguration;
			buildSettings = {
				ALWAYS_SEARCH_USER_PATHS = NO;
				CLANG_ANALYZER_NONNULL = YES;
				CLANG_ANALYZER_NUMBER_OBJECT_CONVERSION = YES_AGGRESSIVE;
				CLANG_CXX_LANGUAGE_STANDARD = "gnu++14";
				CLANG_CXX_LIBRARY = "libc++";
				CLANG_ENABLE_MODULES = YES;
				CLANG_ENABLE_OBJC_ARC = YES;
				CLANG_WARN_BLOCK_CAPTURE_AUTORELEASING = YES;
				CLANG_WARN_BOOL_CONVERSION = YES;
				CLANG_WARN_COMMA = YES;
				CLANG_WARN_CONSTANT_CONVERSION = YES;
				CLANG_WARN_DIRECT_OBJC_ISA_USAGE = YES_ERROR;
				CLANG_WARN_DOCUMENTATION_COMMENTS = YES;
				CLANG_WARN_EMPTY_BODY = YES;
				CLANG_WARN_ENUM_CONVERSION = YES;
				CLANG_WARN_INFINITE_RECURSION = YES;
				CLANG_WARN_INT_CONVERSION = YES;
				CLANG_WARN_NON_LITERAL_NULL_CONVERSION = YES;
				CLANG_WARN_OBJC_LITERAL_CONVERSION = YES;
				CLANG_WARN_OBJC_ROOT_CLASS = YES_ERROR;
				CLANG_WARN_RANGE_LOOP_ANALYSIS = YES;
				CLANG_WARN_STRICT_PROTOTYPES = YES;
				CLANG_WARN_SUSPICIOUS_MOVE = YES;
				CLANG_WARN_UNGUARDED_AVAILABILITY = YES_AGGRESSIVE;
				CLANG_WARN_UNREACHABLE_CODE = YES;
				CLANG_WARN__DUPLICATE_METHOD_MATCH = YES;
				CODE_SIGN_IDENTITY = "Mac Developer";
				COPY_PHASE_STRIP = NO;
				DEBUG_INFORMATION_FORMAT = "dwarf-with-dsym";
				ENABLE_NS_ASSERTIONS = NO;
				ENABLE_STRICT_OBJC_MSGSEND = YES;
				GCC_C_LANGUAGE_STANDARD = gnu11;
				GCC_NO_COMMON_BLOCKS = YES;
				GCC_WARN_64_TO_32_BIT_CONVERSION = YES;
				GCC_WARN_ABOUT_RETURN_TYPE = YES_ERROR;
				GCC_WARN_UNDECLARED_SELECTOR = YES;
				GCC_WARN_UNINITIALIZED_AUTOS = YES_AGGRESSIVE;
				GCC_WARN_UNUSED_FUNCTION = YES;
				GCC_WARN_UNUSED_VARIABLE = YES;
				MACOSX_DEPLOYMENT_TARGET = 10.12;
				MTL_ENABLE_DEBUG_INFO = NO;
				SDKROOT = macosx;
				SWIFT_OPTIMIZATION_LEVEL = "-Owholemodule";
			};
			name = Release;
		};
		95349CFE1F7A9FA5007CD4C0 /* Debug */ = {
			isa = XCBuildConfiguration;
			buildSettings = {
				ASSETCATALOG_COMPILER_APPICON_NAME = AppIcon;
				CODE_SIGN_ENTITLEMENTS = NoMouse/NoMouse.entitlements;
				CODE_SIGN_STYLE = Automatic;
				COMBINE_HIDPI_IMAGES = YES;
				DEVELOPMENT_TEAM = KPP843U493;
				INFOPLIST_FILE = NoMouse/Info.plist;
				LD_RUNPATH_SEARCH_PATHS = "$(inherited) @executable_path/../Frameworks";
				PRODUCT_BUNDLE_IDENTIFIER = co.dudzik.NoMouse;
				PRODUCT_NAME = "$(TARGET_NAME)";
				SWIFT_VERSION = 4.0;
			};
			name = Debug;
		};
		95349CFF1F7A9FA5007CD4C0 /* Release */ = {
			isa = XCBuildConfiguration;
			buildSettings = {
				ASSETCATALOG_COMPILER_APPICON_NAME = AppIcon;
				CODE_SIGN_ENTITLEMENTS = NoMouse/NoMouse.entitlements;
				CODE_SIGN_STYLE = Automatic;
				COMBINE_HIDPI_IMAGES = YES;
				DEVELOPMENT_TEAM = KPP843U493;
				INFOPLIST_FILE = NoMouse/Info.plist;
				LD_RUNPATH_SEARCH_PATHS = "$(inherited) @executable_path/../Frameworks";
				PRODUCT_BUNDLE_IDENTIFIER = co.dudzik.NoMouse;
				PRODUCT_NAME = "$(TARGET_NAME)";
				SWIFT_VERSION = 4.0;
			};
			name = Release;
		};
		95349D161F7B714A007CD4C0 /* Debug */ = {
			isa = XCBuildConfiguration;
			buildSettings = {
				ASSETCATALOG_COMPILER_APPICON_NAME = AppIcon;
				CODE_SIGN_ENTITLEMENTS = BackgroundLauncher/BackgroundLauncher.entitlements;
				CODE_SIGN_STYLE = Automatic;
				COMBINE_HIDPI_IMAGES = YES;
				DEVELOPMENT_TEAM = KPP843U493;
				INFOPLIST_FILE = BackgroundLauncher/Info.plist;
				LD_RUNPATH_SEARCH_PATHS = "$(inherited) @executable_path/../Frameworks";
				PRODUCT_BUNDLE_IDENTIFIER = co.dudzik.NoMouse.BackgroundLauncher;
				PRODUCT_NAME = "$(TARGET_NAME)";
				SKIP_INSTALL = YES;
				SWIFT_VERSION = 4.0;
			};
			name = Debug;
		};
		95349D171F7B714A007CD4C0 /* Release */ = {
			isa = XCBuildConfiguration;
			buildSettings = {
				ASSETCATALOG_COMPILER_APPICON_NAME = AppIcon;
				CODE_SIGN_ENTITLEMENTS = BackgroundLauncher/BackgroundLauncher.entitlements;
				CODE_SIGN_STYLE = Automatic;
				COMBINE_HIDPI_IMAGES = YES;
				DEVELOPMENT_TEAM = KPP843U493;
				INFOPLIST_FILE = BackgroundLauncher/Info.plist;
				LD_RUNPATH_SEARCH_PATHS = "$(inherited) @executable_path/../Frameworks";
				PRODUCT_BUNDLE_IDENTIFIER = co.dudzik.NoMouse.BackgroundLauncher;
				PRODUCT_NAME = "$(TARGET_NAME)";
				SKIP_INSTALL = YES;
				SWIFT_VERSION = 4.0;
			};
			name = Release;
		};
/* End XCBuildConfiguration section */

/* Begin XCConfigurationList section */
		95349CEA1F7A9FA5007CD4C0 /* Build configuration list for PBXProject "NoMouseAllowed" */ = {
			isa = XCConfigurationList;
			buildConfigurations = (
				95349CFB1F7A9FA5007CD4C0 /* Debug */,
				95349CFC1F7A9FA5007CD4C0 /* Release */,
			);
			defaultConfigurationIsVisible = 0;
			defaultConfigurationName = Release;
		};
		95349CFD1F7A9FA5007CD4C0 /* Build configuration list for PBXNativeTarget "NoMouseAllowed" */ = {
			isa = XCConfigurationList;
			buildConfigurations = (
				95349CFE1F7A9FA5007CD4C0 /* Debug */,
				95349CFF1F7A9FA5007CD4C0 /* Release */,
			);
			defaultConfigurationIsVisible = 0;
			defaultConfigurationName = Release;
		};
		95349D151F7B714A007CD4C0 /* Build configuration list for PBXNativeTarget "BackgroundLauncher" */ = {
			isa = XCConfigurationList;
			buildConfigurations = (
				95349D161F7B714A007CD4C0 /* Debug */,
				95349D171F7B714A007CD4C0 /* Release */,
			);
			defaultConfigurationIsVisible = 0;
			defaultConfigurationName = Release;
		};
/* End XCConfigurationList section */
	};
	rootObject = 95349CE71F7A9FA5007CD4C0 /* Project object */;
}
